github.com/davidh-cyberark/privilegeaccessmanager-sdk-go v1.0.4 h1:nZrpjB03MUFnPoWc+GxoRXem288C26Gb1qKxhh3jT4s=
github.com/davidh-cyberark/privilegeaccessmanager-sdk-go v1.0.4/go.mod h1:/CWmfL2VySHtxzj63T2uMYsYCWxCUS/Iusq5fwBAIkQ=
github.com/gorilla/mux v1.8.0 h1:i40aqfkR1h2SlN9hojwV5ZA91wcXFOvkdNIeFDP5koI=
github.com/gorilla/mux v1.8.0/go.mod h1:DVbg23sWSpFRCP0SfiEN6jmj59UnW/n46BH5rLB71So=
